
Microsoft Visual Studio Solution File, Format Version 12.00
# Visual Studio Version 16
VisualStudioVersion = 16.0.30907.101
MinimumVisualStudioVersion = 10.0.40219.1
Project("{FAE04EC0-301F-11D3-BF4B-00C04F79EFBC}") = "LTQL", "LTQL\LTQL.csproj", "{8D568495-9038-41FF-B549-C4802BAC588E}"
EndProject
Global
	GlobalSection(SolutionConfigurationPlatforms) = preSolution
		Debug|Any CPU = Debug|Any CPU
		Release|Any CPU = Release|Any CPU
	EndGlobalSection
	GlobalSection(ProjectConfigurationPlatforms) = postSolution
		{8D568495-9038-41FF-B549-C4802BAC588E}.Debug|Any CPU.ActiveCfg = Debug|Any CPU
		{8D568495-9038-41FF-B549-C4802BAC588E}.Debug|Any CPU.Build.0 = Debug|Any CPU
		{8D568495-9038-41FF-B549-C4802BAC588E}.Release|Any CPU.ActiveCfg = Release|Any CPU
		{8D568495-9038-41FF-B549-C4802BAC588E}.Release|Any CPU.Build.0 = Release|Any CPU
	EndGlobalSection
	GlobalSection(SolutionProperties) = preSolution
		HideSolutionNode = FALSE
	EndGlobalSection
	GlobalSection(ExtensibilityGlobals) = postSolution
		SolutionGuid = {FF5688B4-B5C8-413F-857F-9689F402A477}
	EndGlobalSection
EndGlobal
